// !$*UTF8*$!
{
	archiveVersion = 1;
	classes = {
	};
	objectVersion = 46;
	objects = {

/* Begin PBXBuildFile section */
		1CFA23AA1E78DD340067DBD8 /* AppDelegate.swift in Sources */ = {isa = PBXBuildFile; fileRef = 1CFA23A91E78DD340067DBD8 /* AppDelegate.swift */; };
		1CFA23AC1E78DD340067DBD8 /* ViewController.swift in Sources */ = {isa = PBXBuildFile; fileRef = 1CFA23AB1E78DD340067DBD8 /* ViewController.swift */; };
		1CFA23AF1E78DD340067DBD8 /* Main.storyboard in Resources */ = {isa = PBXBuildFile; fileRef = 1CFA23AD1E78DD340067DBD8 /* Main.storyboard */; };
		1CFA23B11E78DD340067DBD8 /* Assets.xcassets in Resources */ = {isa = PBXBuildFile; fileRef = 1CFA23B01E78DD340067DBD8 /* Assets.xcassets */; };
		1CFA23B41E78DD340067DBD8 /* LaunchScreen.storyboard in Resources */ = {isa = PBXBuildFile; fileRef = 1CFA23B21E78DD340067DBD8 /* LaunchScreen.storyboard */; };
		1CFA23BC1E78DD7A0067DBD8 /* SimpleTableViewController.swift in Sources */ = {isa = PBXBuildFile; fileRef = 1CFA23BB1E78DD7A0067DBD8 /* SimpleTableViewController.swift */; };
		1CFA23BE1E78DF9E0067DBD8 /* TableViewCell.swift in Sources */ = {isa = PBXBuildFile; fileRef = 1CFA23BD1E78DF9E0067DBD8 /* TableViewCell.swift */; };
/* End PBXBuildFile section */

/* Begin PBXFileReference section */
		1CFA23A61E78DD340067DBD8 /* project 11 - SimpleTableView.app */ = {isa = PBXFileReference; explicitFileType = wrapper.application; includeInIndex = 0; path = "project 11 - SimpleTableView.app"; sourceTree = BUILT_PRODUCTS_DIR; };
		1CFA23A91E78DD340067DBD8 /* AppDelegate.swift */ = {isa = PBXFileReference; lastKnownFileType = sourcecode.swift; path = AppDelegate.swift; sourceTree = "<group>"; };
		1CFA23AB1E78DD340067DBD8 /* ViewController.swift */ = {isa = PBXFileReference; lastKnownFileType = sourcecode.swift; path = ViewController.swift; sourceTree = "<group>"; };
		1CFA23AE1E78DD340067DBD8 /* Base */ = {isa = PBXFileReference; lastKnownFileType = file.storyboard; name = Base; path = Base.lproj/Main.storyboard; sourceTree = "<group>"; };
		1CFA23B01E78DD340067DBD8 /* Assets.xcassets */ = {isa = PBXFileReference; lastKnownFileType = folder.assetcatalog; path = Assets.xcassets; sourceTree = "<group>"; };
		1CFA23B31E78DD340067DBD8 /* Base */ = {isa = PBXFileReference; lastKnownFileType = file.storyboard; name = Base; path = Base.lproj/LaunchScreen.storyboard; sourceTree = "<group>"; };
		1CFA23B51E78DD340067DBD8 /* Info.plist */ = {isa = PBXFileReference; lastKnownFileType = text.plist.xml; path = Info.plist; sourceTree = "<group>"; };
		1CFA23BB1E78DD7A0067DBD8 /* SimpleTableViewController.swift */ = {isa = PBXFileReference; fileEncoding = 4; lastKnownFileType = sourcecode.swift; path = SimpleTableViewController.swift; sourceTree = "<group>"; };
		1CFA23BD1E78DF9E0067DBD8 /* TableViewCell.swift */ = {isa = PBXFileReference; fileEncoding = 4; lastKnownFileType = sourcecode.swift; path = TableViewCell.swift; sourceTree = "<group>"; };
/* End PBXFileReference section */

/* Begin PBXFrameworksBuildPhase section */
		1CFA23A31E78DD340067DBD8 /* Frameworks */ = {
			isa = PBXFrameworksBuildPhase;
			buildActionMask = 2147483647;
			files = (
			);
			runOnlyForDeploymentPostprocessing = 0;
		};
/* End PBXFrameworksBuildPhase section */

/* Begin PBXGroup section */
		1CFA239D1E78DD340067DBD8 = {
			isa = PBXGroup;
			children = (
				1CFA23A81E78DD340067DBD8 /* project 11 - SimpleTableView */,
				1CFA23A71E78DD340067DBD8 /* Products */,
			);
			sourceTree = "<group>";
		};
		1CFA23A71E78DD340067DBD8 /* Products */ = {
			isa = PBXGroup;
			children = (
				1CFA23A61E78DD340067DBD8 /* project 11 - SimpleTableView.app */,
			);
			name = Products;
			sourceTree = "<group>";
		};
		1CFA23A81E78DD340067DBD8 /* project 11 - SimpleTableView */ = {
			isa = PBXGroup;
			children = (
				1CFA23A91E78DD340067DBD8 /* AppDelegate.swift */,
				1CFA23AB1E78DD340067DBD8 /* ViewController.swift */,
				1CFA23BB1E78DD7A0067DBD8 /* SimpleTableViewController.swift */,
				1CFA23BD1E78DF9E0067DBD8 /* TableViewCell.swift */,
				1CFA23AD1E78DD340067DBD8 /* Main.storyboard */,
				1CFA23B01E78DD340067DBD8 /* Assets.xcassets */,
				1CFA23B21E78DD340067DBD8 /* LaunchScreen.storyboard */,
				1CFA23B51E78DD340067DBD8 /* Info.plist */,
			);
			path = "project 11 - SimpleTableView";
			sourceTree = "<group>";
		};
/* End PBXGroup section */

/* Begin PBXNativeTarget section */
		1CFA23A51E78DD340067DBD8 /* project 11 - SimpleTableView */ = {
			isa = PBXNativeTarget;
			buildConfigurationList = 1CFA23B81E78DD340067DBD8 /* Build configuration list for PBXNativeTarget "project 11 - SimpleTableView" */;
			buildPhases = (
				1CFA23A21E78DD340067DBD8 /* Sources */,
				1CFA23A31E78DD340067DBD8 /* Frameworks */,
				1CFA23A41E78DD340067DBD8 /* Resources */,
			);
			buildRules = (
			);
			dependencies = (
			);
			name = "project 11 - SimpleTableView";
			productName = "project 11 - SimpleTableView";
			productReference = 1CFA23A61E78DD340067DBD8 /* project 11 - SimpleTableView.app */;
			productType = "com.apple.product-type.application";
		};
/* End PBXNativeTarget section */

/* Begin PBXProject section */
		1CFA239E1E78DD340067DBD8 /* Project object */ = {
			isa = PBXProject;
			attributes = {
				LastSwiftUpdateCheck = 0800;
				LastUpgradeCheck = 0800;
				ORGANIZATIONNAME = maki;
				TargetAttributes = {
					1CFA23A51E78DD340067DBD8 = {
						CreatedOnToolsVersion = 8.0;
						ProvisioningStyle = Automatic;
					};
				};
			};
			buildConfigurationList = 1CFA23A11E78DD340067DBD8 /* Build configuration list for PBXProject "project 11 - SimpleTableView" */;
			compatibilityVersion = "Xcode 3.2";
			developmentRegion = English;
			hasScannedForEncodings = 0;
			knownRegions = (
				en,
				Base,
			);
			mainGroup = 1CFA239D1E78DD340067DBD8;
			productRefGroup = 1CFA23A71E78DD340067DBD8 /* Products */;
			projectDirPath = "";
			projectRoot = "";
			targets = (
				1CFA23A51E78DD340067DBD8 /* project 11 - SimpleTableView */,
			);
		};
/* End PBXProject section */

/* Begin PBXResourcesBuildPhase section */
		1CFA23A41E78DD340067DBD8 /* Resources */ = {
			isa = PBXResourcesBuildPhase;
			buildActionMask = 2147483647;
			files = (
				1CFA23B41E78DD340067DBD8 /* LaunchScreen.storyboard in Resources */,
				1CFA23B11E78DD340067DBD8 /* Assets.xcassets in Resources */,
				1CFA23AF1E78DD340067DBD8 /* Main.storyboard in Resources */,
			);
			runOnlyForDeploymentPostprocessing = 0;
		};
/* End PBXResourcesBuildPhase section */

/* Begin PBXSourcesBuildPhase section */
		1CFA23A21E78DD340067DBD8 /* Sources */ = {
			isa = PBXSourcesBuildPhase;
			buildActionMask = 2147483647;
			files = (
				1CFA23BC1E78DD7A0067DBD8 /* SimpleTableViewController.swift in Sources */,
				1CFA23BE1E78DF9E0067DBD8 /* TableViewCell.swift in Sources */,
				1CFA23AC1E78DD340067DBD8 /* ViewController.swift in Sources */,
				1CFA23AA1E78DD340067DBD8 /* AppDelegate.swift in Sources */,
			);
			runOnlyForDeploymentPostprocessing = 0;
		};
/* End PBXSourcesBuildPhase section */

/* Begin PBXVariantGroup section */
		1CFA23AD1E78DD340067DBD8 /* Main.storyboard */ = {
			isa = PBXVariantGroup;
			children = (
				1CFA23AE1E78DD340067DBD8 /* Base */,
			);
			name = Main.storyboard;
			sourceTree = "<group>";
		};
		1CFA23B21E78DD340067DBD8 /* LaunchScreen.storyboard */ = {
			isa = PBXVariantGroup;
			children = (
				1CFA23B31E78DD340067DBD8 /* Base */,
			);
			name = LaunchScreen.storyboard;
			sourceTree = "<group>";
		};
/* End PBXVariantGroup section */

/* Begin XCBuildConfiguration section */
		1CFA23B61E78DD340067DBD8 /* Debug */ = {
			isa = XCBuildConfiguration;
			buildSettings = {
				ALWAYS_SEARCH_USER_PATHS = NO;
				CLANG_ANALYZER_NONNULL = YES;
				CLANG_CXX_LANGUAGE_STANDARD = "gnu++0x";
				CLANG_CXX_LIBRARY = "libc++";
				CLANG_ENABLE_MODULES = YES;
				CLANG_ENABLE_OBJC_ARC = YES;
				CLANG_WARN_BOOL_CONVERSION = YES;
				CLANG_WARN_CONSTANT_CONVERSION = YES;
				CLANG_WARN_DIRECT_OBJC_ISA_USAGE = YES_ERROR;
				CLANG_WARN_DOCUMENTATION_COMMENTS = YES;
				CLANG_WARN_EMPTY_BODY = YES;
				CLANG_WARN_ENUM_CONVERSION = YES;
				CLANG_WARN_INFINITE_RECURSION = YES;
				CLANG_WARN_INT_CONVERSION = YES;
				CLANG_WARN_OBJC_ROOT_CLASS = YES_ERROR;
				CLANG_WARN_SUSPICIOUS_MOVES = YES;
				CLANG_WARN_UNREACHABLE_CODE = YES;
				CLANG_WARN__DUPLICATE_METHOD_MATCH = YES;
				"CODE_SIGN_IDENTITY[sdk=iphoneos*]" = "iPhone Developer";
				COPY_PHASE_STRIP = NO;
				DEBUG_INFORMATION_FORMAT = dwarf;
				ENABLE_STRICT_OBJC_MSGSEND = YES;
				ENABLE_TESTABILITY = YES;
				GCC_C_LANGUAGE_STANDARD = gnu99;
				GCC_DYNAMIC_NO_PIC = NO;
				GCC_NO_COMMON_BLOCKS = YES;
				GCC_OPTIMIZATION_LEVEL = 0;
				GCC_PREPROCESSOR_DEFINITIONS = (
					"DEBUG=1",
					"$(inherited)",
				);
				GCC_WARN_64_TO_32_BIT_CONVERSION = YES;
				GCC_WARN_ABOUT_RETURN_TYPE = YES_ERROR;
				GCC_WARN_UNDECLARED_SELECTOR = YES;
				GCC_WARN_UNINITIALIZED_AUTOS = YES_AGGRESSIVE;
				GCC_WARN_UNUSED_FUNCTION = YES;
				GCC_WARN_UNUSED_VARIABLE = YES;
				IPHONEOS_DEPLOYMENT_TARGET = 10.0;
				MTL_ENABLE_DEBUG_INFO = YES;
				ONLY_ACTIVE_ARCH = YES;
				SDKROOT = iphoneos;
				SWIFT_ACTIVE_COMPILATION_CONDITIONS = DEBUG;
				SWIFT_OPTIMIZATION_LEVEL = "-Onone";
				TARGETED_DEVICE_FAMILY = "1,2";
			};
			name = Debug;
		};
		1CFA23B71E78DD340067DBD8 /* Release */ = {
			isa = XCBuildConfiguration;
			buildSettings = {
				ALWAYS_SEARCH_USER_PATHS = NO;
				CLANG_ANALYZER_NONNULL = YES;
				CLANG_CXX_LANGUAGE_STANDARD = "gnu++0x";
				CLANG_CXX_LIBRARY = "libc++";
				CLANG_ENABLE_MODULES = YES;
				CLANG_ENABLE_OBJC_ARC = YES;
				CLANG_WARN_BOOL_CONVERSION = YES;
				CLANG_WARN_CONSTANT_CONVERSION = YES;
				CLANG_WARN_DIRECT_OBJC_ISA_USAGE = YES_ERROR;
				CLANG_WARN_DOCUMENTATION_COMMENTS = YES;
				CLANG_WARN_EMPTY_BODY = YES;
				CLANG_WARN_ENUM_CONVERSION = YES;
				CLANG_WARN_INFINITE_RECURSION = YES;
				CLANG_WARN_INT_CONVERSION = YES;
				CLANG_WARN_OBJC_ROOT_CLASS = YES_ERROR;
				CLANG_WARN_SUSPICIOUS_MOVES = YES;
				CLANG_WARN_UNREACHABLE_CODE = YES;
				CLANG_WARN__DUPLICATE_METHOD_MATCH = YES;
				"CODE_SIGN_IDENTITY[sdk=iphoneos*]" = "iPhone Developer";
				COPY_PHASE_STRIP = NO;
				DEBUG_INFORMATION_FORMAT = "dwarf-with-dsym";
				ENABLE_NS_ASSERTIONS = NO;
				ENABLE_STRICT_OBJC_MSGSEND = YES;
				GCC_C_LANGUAGE_STANDARD = gnu99;
				GCC_NO_COMMON_BLOCKS = YES;
				GCC_WARN_64_TO_32_BIT_CONVERSION = YES;
				GCC_WARN_ABOUT_RETURN_TYPE = YES_ERROR;
				GCC_WARN_UNDECLARED_SELECTOR = YES;
				GCC_WARN_UNINITIALIZED_AUTOS = YES_AGGRESSIVE;
				GCC_WARN_UNUSED_FUNCTION = YES;
				GCC_WARN_UNUSED_VARIABLE = YES;
				IPHONEOS_DEPLOYMENT_TARGET = 10.0;
				MTL_ENABLE_DEBUG_INFO = NO;
				SDKROOT = iphoneos;
				SWIFT_OPTIMIZATION_LEVEL = "-Owholemodule";
				TARGETED_DEVICE_FAMILY = "1,2";
				VALIDATE_PRODUCT = YES;
			};
			name = Release;
		};
		1CFA23B91E78DD340067DBD8 /* Debug */ = {
			isa = XCBuildConfiguration;
			buildSettings = {
				ASSETCATALOG_COMPILER_APPICON_NAME = AppIcon;
				INFOPLIST_FILE = "project 11 - SimpleTableView/Info.plist";
				LD_RUNPATH_SEARCH_PATHS = "$(inherited) @executable_path/Frameworks";
				PRODUCT_BUNDLE_IDENTIFIER = "com.maki.project-11---SimpleTableView";
				PRODUCT_NAME = "$(TARGET_NAME)";
				SWIFT_VERSION = 3.0;
			};
			name = Debug;
		};
		1CFA23BA1E78DD340067DBD8 /* Release */ = {
			isa = XCBuildConfiguration;
			buildSettings = {
				ASSETCATALOG_COMPILER_APPICON_NAME = AppIcon;
				INFOPLIST_FILE = "project 11 - SimpleTableView/Info.plist";
				LD_RUNPATH_SEARCH_PATHS = "$(inherited) @executable_path/Frameworks";
				PRODUCT_BUNDLE_IDENTIFIER = "com.maki.project-11---SimpleTableView";
				PRODUCT_NAME = "$(TARGET_NAME)";
				SWIFT_VERSION = 3.0;
			};
			name = Release;
		};
/* End XCBuildConfiguration section */

/* Begin XCConfigurationList section */
		1CFA23A11E78DD340067DBD8 /* Build configuration list for PBXProject "project 11 - SimpleTableView" */ = {
			isa = XCConfigurationList;
			buildConfigurations = (
				1CFA23B61E78DD340067DBD8 /* Debug */,
				1CFA23B71E78DD340067DBD8 /* Release */,
			);
			defaultConfigurationIsVisible = 0;
			defaultConfigurationName = Release;
		};
		1CFA23B81E78DD340067DBD8 /* Build configuration list for PBXNativeTarget "project 11 - SimpleTableView" */ = {
			isa = XCConfigurationList;
			buildConfigurations = (
				1CFA23B91E78DD340067DBD8 /* Debug */,
				1CFA23BA1E78DD340067DBD8 /* Release */,
			);
			defaultConfigurationIsVisible = 0;
		};
/* End XCConfigurationList section */
	};
	rootObject = 1CFA239E1E78DD340067DBD8 /* Project object */;
}
