// !$*UTF8*$!
{
	archiveVersion = 1;
	classes = {
	};
	objectVersion = 46;
	objects = {

/* Begin PBXBuildFile section */
		1C7CF0CE1E7BC96C008CB027 /* AppDelegate.swift in Sources */ = {isa = PBXBuildFile; fileRef = 1C7CF0CD1E7BC96C008CB027 /* AppDelegate.swift */; };
		1C7CF0D01E7BC96C008CB027 /* ViewController.swift in Sources */ = {isa = PBXBuildFile; fileRef = 1C7CF0CF1E7BC96C008CB027 /* ViewController.swift */; };
		1C7CF0D31E7BC96C008CB027 /* Main.storyboard in Resources */ = {isa = PBXBuildFile; fileRef = 1C7CF0D11E7BC96C008CB027 /* Main.storyboard */; };
		1C7CF0D51E7BC96C008CB027 /* Assets.xcassets in Resources */ = {isa = PBXBuildFile; fileRef = 1C7CF0D41E7BC96C008CB027 /* Assets.xcassets */; };
		1C7CF0D81E7BC96C008CB027 /* LaunchScreen.storyboard in Resources */ = {isa = PBXBuildFile; fileRef = 1C7CF0D61E7BC96C008CB027 /* LaunchScreen.storyboard */; };
		1C7CF0E01E7BD365008CB027 /* ViewCell.swift in Sources */ = {isa = PBXBuildFile; fileRef = 1C7CF0DF1E7BD365008CB027 /* ViewCell.swift */; };
		1C7CF0E21E7BD37C008CB027 /* TableViewController.swift in Sources */ = {isa = PBXBuildFile; fileRef = 1C7CF0E11E7BD37C008CB027 /* TableViewController.swift */; };
		1C7CF0E41E7BD38D008CB027 /* TableViewCell.swift in Sources */ = {isa = PBXBuildFile; fileRef = 1C7CF0E31E7BD38D008CB027 /* TableViewCell.swift */; };
/* End PBXBuildFile section */

/* Begin PBXFileReference section */
		1C7CF0CA1E7BC96C008CB027 /* project 13 - animationTable.app */ = {isa = PBXFileReference; explicitFileType = wrapper.application; includeInIndex = 0; path = "project 13 - animationTable.app"; sourceTree = BUILT_PRODUCTS_DIR; };
		1C7CF0CD1E7BC96C008CB027 /* AppDelegate.swift */ = {isa = PBXFileReference; lastKnownFileType = sourcecode.swift; path = AppDelegate.swift; sourceTree = "<group>"; };
		1C7CF0CF1E7BC96C008CB027 /* ViewController.swift */ = {isa = PBXFileReference; lastKnownFileType = sourcecode.swift; path = ViewController.swift; sourceTree = "<group>"; };
		1C7CF0D21E7BC96C008CB027 /* Base */ = {isa = PBXFileReference; lastKnownFileType = file.storyboard; name = Base; path = Base.lproj/Main.storyboard; sourceTree = "<group>"; };
		1C7CF0D41E7BC96C008CB027 /* Assets.xcassets */ = {isa = PBXFileReference; lastKnownFileType = folder.assetcatalog; path = Assets.xcassets; sourceTree = "<group>"; };
		1C7CF0D71E7BC96C008CB027 /* Base */ = {isa = PBXFileReference; lastKnownFileType = file.storyboard; name = Base; path = Base.lproj/LaunchScreen.storyboard; sourceTree = "<group>"; };
		1C7CF0D91E7BC96C008CB027 /* Info.plist */ = {isa = PBXFileReference; lastKnownFileType = text.plist.xml; path = Info.plist; sourceTree = "<group>"; };
		1C7CF0DF1E7BD365008CB027 /* ViewCell.swift */ = {isa = PBXFileReference; fileEncoding = 4; lastKnownFileType = sourcecode.swift; path = ViewCell.swift; sourceTree = "<group>"; };
		1C7CF0E11E7BD37C008CB027 /* TableViewController.swift */ = {isa = PBXFileReference; fileEncoding = 4; lastKnownFileType = sourcecode.swift; path = TableViewController.swift; sourceTree = "<group>"; };
		1C7CF0E31E7BD38D008CB027 /* TableViewCell.swift */ = {isa = PBXFileReference; fileEncoding = 4; lastKnownFileType = sourcecode.swift; path = TableViewCell.swift; sourceTree = "<group>"; };
/* End PBXFileReference section */

/* Begin PBXFrameworksBuildPhase section */
		1C7CF0C71E7BC96C008CB027 /* Frameworks */ = {
			isa = PBXFrameworksBuildPhase;
			buildActionMask = 2147483647;
			files = (
			);
			runOnlyForDeploymentPostprocessing = 0;
		};
/* End PBXFrameworksBuildPhase section */

/* Begin PBXGroup section */
		1C7CF0C11E7BC96B008CB027 = {
			isa = PBXGroup;
			children = (
				1C7CF0CC1E7BC96C008CB027 /* project 13 - animationTable */,
				1C7CF0CB1E7BC96C008CB027 /* Products */,
			);
			sourceTree = "<group>";
		};
		1C7CF0CB1E7BC96C008CB027 /* Products */ = {
			isa = PBXGroup;
			children = (
				1C7CF0CA1E7BC96C008CB027 /* project 13 - animationTable.app */,
			);
			name = Products;
			sourceTree = "<group>";
		};
		1C7CF0CC1E7BC96C008CB027 /* project 13 - animationTable */ = {
			isa = PBXGroup;
			children = (
				1C7CF0CD1E7BC96C008CB027 /* AppDelegate.swift */,
				1C7CF0CF1E7BC96C008CB027 /* ViewController.swift */,
				1C7CF0DF1E7BD365008CB027 /* ViewCell.swift */,
				1C7CF0E11E7BD37C008CB027 /* TableViewController.swift */,
				1C7CF0E31E7BD38D008CB027 /* TableViewCell.swift */,
				1C7CF0D11E7BC96C008CB027 /* Main.storyboard */,
				1C7CF0D41E7BC96C008CB027 /* Assets.xcassets */,
				1C7CF0D61E7BC96C008CB027 /* LaunchScreen.storyboard */,
				1C7CF0D91E7BC96C008CB027 /* Info.plist */,
			);
			path = "project 13 - animationTable";
			sourceTree = "<group>";
		};
/* End PBXGroup section */

/* Begin PBXNativeTarget section */
		1C7CF0C91E7BC96C008CB027 /* project 13 - animationTable */ = {
			isa = PBXNativeTarget;
			buildConfigurationList = 1C7CF0DC1E7BC96C008CB027 /* Build configuration list for PBXNativeTarget "project 13 - animationTable" */;
			buildPhases = (
				1C7CF0C61E7BC96C008CB027 /* Sources */,
				1C7CF0C71E7BC96C008CB027 /* Frameworks */,
				1C7CF0C81E7BC96C008CB027 /* Resources */,
			);
			buildRules = (
			);
			dependencies = (
			);
			name = "project 13 - animationTable";
			productName = "project 13 - animationTable";
			productReference = 1C7CF0CA1E7BC96C008CB027 /* project 13 - animationTable.app */;
			productType = "com.apple.product-type.application";
		};
/* End PBXNativeTarget section */

/* Begin PBXProject section */
		1C7CF0C21E7BC96C008CB027 /* Project object */ = {
			isa = PBXProject;
			attributes = {
				LastSwiftUpdateCheck = 0800;
				LastUpgradeCheck = 0800;
				ORGANIZATIONNAME = maki;
				TargetAttributes = {
					1C7CF0C91E7BC96C008CB027 = {
						CreatedOnToolsVersion = 8.0;
						ProvisioningStyle = Automatic;
					};
				};
			};
			buildConfigurationList = 1C7CF0C51E7BC96C008CB027 /* Build configuration list for PBXProject "project 13 - animationTable" */;
			compatibilityVersion = "Xcode 3.2";
			developmentRegion = English;
			hasScannedForEncodings = 0;
			knownRegions = (
				en,
				Base,
			);
			mainGroup = 1C7CF0C11E7BC96B008CB027;
			productRefGroup = 1C7CF0CB1E7BC96C008CB027 /* Products */;
			projectDirPath = "";
			projectRoot = "";
			targets = (
				1C7CF0C91E7BC96C008CB027 /* project 13 - animationTable */,
			);
		};
/* End PBXProject section */

/* Begin PBXResourcesBuildPhase section */
		1C7CF0C81E7BC96C008CB027 /* Resources */ = {
			isa = PBXResourcesBuildPhase;
			buildActionMask = 2147483647;
			files = (
				1C7CF0D81E7BC96C008CB027 /* LaunchScreen.storyboard in Resources */,
				1C7CF0D51E7BC96C008CB027 /* Assets.xcassets in Resources */,
				1C7CF0D31E7BC96C008CB027 /* Main.storyboard in Resources */,
			);
			runOnlyForDeploymentPostprocessing = 0;
		};
/* End PBXResourcesBuildPhase section */

/* Begin PBXSourcesBuildPhase section */
		1C7CF0C61E7BC96C008CB027 /* Sources */ = {
			isa = PBXSourcesBuildPhase;
			buildActionMask = 2147483647;
			files = (
				1C7CF0E41E7BD38D008CB027 /* TableViewCell.swift in Sources */,
				1C7CF0E01E7BD365008CB027 /* ViewCell.swift in Sources */,
				1C7CF0D01E7BC96C008CB027 /* ViewController.swift in Sources */,
				1C7CF0CE1E7BC96C008CB027 /* AppDelegate.swift in Sources */,
				1C7CF0E21E7BD37C008CB027 /* TableViewController.swift in Sources */,
			);
			runOnlyForDeploymentPostprocessing = 0;
		};
/* End PBXSourcesBuildPhase section */

/* Begin PBXVariantGroup section */
		1C7CF0D11E7BC96C008CB027 /* Main.storyboard */ = {
			isa = PBXVariantGroup;
			children = (
				1C7CF0D21E7BC96C008CB027 /* Base */,
			);
			name = Main.storyboard;
			sourceTree = "<group>";
		};
		1C7CF0D61E7BC96C008CB027 /* LaunchScreen.storyboard */ = {
			isa = PBXVariantGroup;
			children = (
				1C7CF0D71E7BC96C008CB027 /* Base */,
			);
			name = LaunchScreen.storyboard;
			sourceTree = "<group>";
		};
/* End PBXVariantGroup section */

/* Begin XCBuildConfiguration section */
		1C7CF0DA1E7BC96C008CB027 /* Debug */ = {
			isa = XCBuildConfiguration;
			buildSettings = {
				ALWAYS_SEARCH_USER_PATHS = NO;
				CLANG_ANALYZER_NONNULL = YES;
				CLANG_CXX_LANGUAGE_STANDARD = "gnu++0x";
				CLANG_CXX_LIBRARY = "libc++";
				CLANG_ENABLE_MODULES = YES;
				CLANG_ENABLE_OBJC_ARC = YES;
				CLANG_WARN_BOOL_CONVERSION = YES;
				CLANG_WARN_CONSTANT_CONVERSION = YES;
				CLANG_WARN_DIRECT_OBJC_ISA_USAGE = YES_ERROR;
				CLANG_WARN_DOCUMENTATION_COMMENTS = YES;
				CLANG_WARN_EMPTY_BODY = YES;
				CLANG_WARN_ENUM_CONVERSION = YES;
				CLANG_WARN_INFINITE_RECURSION = YES;
				CLANG_WARN_INT_CONVERSION = YES;
				CLANG_WARN_OBJC_ROOT_CLASS = YES_ERROR;
				CLANG_WARN_SUSPICIOUS_MOVES = YES;
				CLANG_WARN_UNREACHABLE_CODE = YES;
				CLANG_WARN__DUPLICATE_METHOD_MATCH = YES;
				"CODE_SIGN_IDENTITY[sdk=iphoneos*]" = "iPhone Developer";
				COPY_PHASE_STRIP = NO;
				DEBUG_INFORMATION_FORMAT = dwarf;
				ENABLE_STRICT_OBJC_MSGSEND = YES;
				ENABLE_TESTABILITY = YES;
				GCC_C_LANGUAGE_STANDARD = gnu99;
				GCC_DYNAMIC_NO_PIC = NO;
				GCC_NO_COMMON_BLOCKS = YES;
				GCC_OPTIMIZATION_LEVEL = 0;
				GCC_PREPROCESSOR_DEFINITIONS = (
					"DEBUG=1",
					"$(inherited)",
				);
				GCC_WARN_64_TO_32_BIT_CONVERSION = YES;
				GCC_WARN_ABOUT_RETURN_TYPE = YES_ERROR;
				GCC_WARN_UNDECLARED_SELECTOR = YES;
				GCC_WARN_UNINITIALIZED_AUTOS = YES_AGGRESSIVE;
				GCC_WARN_UNUSED_FUNCTION = YES;
				GCC_WARN_UNUSED_VARIABLE = YES;
				IPHONEOS_DEPLOYMENT_TARGET = 10.0;
				MTL_ENABLE_DEBUG_INFO = YES;
				ONLY_ACTIVE_ARCH = YES;
				SDKROOT = iphoneos;
				SWIFT_ACTIVE_COMPILATION_CONDITIONS = DEBUG;
				SWIFT_OPTIMIZATION_LEVEL = "-Onone";
				TARGETED_DEVICE_FAMILY = "1,2";
			};
			name = Debug;
		};
		1C7CF0DB1E7BC96C008CB027 /* Release */ = {
			isa = XCBuildConfiguration;
			buildSettings = {
				ALWAYS_SEARCH_USER_PATHS = NO;
				CLANG_ANALYZER_NONNULL = YES;
				CLANG_CXX_LANGUAGE_STANDARD = "gnu++0x";
				CLANG_CXX_LIBRARY = "libc++";
				CLANG_ENABLE_MODULES = YES;
				CLANG_ENABLE_OBJC_ARC = YES;
				CLANG_WARN_BOOL_CONVERSION = YES;
				CLANG_WARN_CONSTANT_CONVERSION = YES;
				CLANG_WARN_DIRECT_OBJC_ISA_USAGE = YES_ERROR;
				CLANG_WARN_DOCUMENTATION_COMMENTS = YES;
				CLANG_WARN_EMPTY_BODY = YES;
				CLANG_WARN_ENUM_CONVERSION = YES;
				CLANG_WARN_INFINITE_RECURSION = YES;
				CLANG_WARN_INT_CONVERSION = YES;
				CLANG_WARN_OBJC_ROOT_CLASS = YES_ERROR;
				CLANG_WARN_SUSPICIOUS_MOVES = YES;
				CLANG_WARN_UNREACHABLE_CODE = YES;
				CLANG_WARN__DUPLICATE_METHOD_MATCH = YES;
				"CODE_SIGN_IDENTITY[sdk=iphoneos*]" = "iPhone Developer";
				COPY_PHASE_STRIP = NO;
				DEBUG_INFORMATION_FORMAT = "dwarf-with-dsym";
				ENABLE_NS_ASSERTIONS = NO;
				ENABLE_STRICT_OBJC_MSGSEND = YES;
				GCC_C_LANGUAGE_STANDARD = gnu99;
				GCC_NO_COMMON_BLOCKS = YES;
				GCC_WARN_64_TO_32_BIT_CONVERSION = YES;
				GCC_WARN_ABOUT_RETURN_TYPE = YES_ERROR;
				GCC_WARN_UNDECLARED_SELECTOR = YES;
				GCC_WARN_UNINITIALIZED_AUTOS = YES_AGGRESSIVE;
				GCC_WARN_UNUSED_FUNCTION = YES;
				GCC_WARN_UNUSED_VARIABLE = YES;
				IPHONEOS_DEPLOYMENT_TARGET = 10.0;
				MTL_ENABLE_DEBUG_INFO = NO;
				SDKROOT = iphoneos;
				SWIFT_OPTIMIZATION_LEVEL = "-Owholemodule";
				TARGETED_DEVICE_FAMILY = "1,2";
				VALIDATE_PRODUCT = YES;
			};
			name = Release;
		};
		1C7CF0DD1E7BC96C008CB027 /* Debug */ = {
			isa = XCBuildConfiguration;
			buildSettings = {
				ASSETCATALOG_COMPILER_APPICON_NAME = AppIcon;
				INFOPLIST_FILE = "project 13 - animationTable/Info.plist";
				LD_RUNPATH_SEARCH_PATHS = "$(inherited) @executable_path/Frameworks";
				PRODUCT_BUNDLE_IDENTIFIER = "com.maki.project-13---animationTable";
				PRODUCT_NAME = "$(TARGET_NAME)";
				SWIFT_VERSION = 3.0;
			};
			name = Debug;
		};
		1C7CF0DE1E7BC96C008CB027 /* Release */ = {
			isa = XCBuildConfiguration;
			buildSettings = {
				ASSETCATALOG_COMPILER_APPICON_NAME = AppIcon;
				INFOPLIST_FILE = "project 13 - animationTable/Info.plist";
				LD_RUNPATH_SEARCH_PATHS = "$(inherited) @executable_path/Frameworks";
				PRODUCT_BUNDLE_IDENTIFIER = "com.maki.project-13---animationTable";
				PRODUCT_NAME = "$(TARGET_NAME)";
				SWIFT_VERSION = 3.0;
			};
			name = Release;
		};
/* End XCBuildConfiguration section */

/* Begin XCConfigurationList section */
		1C7CF0C51E7BC96C008CB027 /* Build configuration list for PBXProject "project 13 - animationTable" */ = {
			isa = XCConfigurationList;
			buildConfigurations = (
				1C7CF0DA1E7BC96C008CB027 /* Debug */,
				1C7CF0DB1E7BC96C008CB027 /* Release */,
			);
			defaultConfigurationIsVisible = 0;
			defaultConfigurationName = Release;
		};
		1C7CF0DC1E7BC96C008CB027 /* Build configuration list for PBXNativeTarget "project 13 - animationTable" */ = {
			isa = XCConfigurationList;
			buildConfigurations = (
				1C7CF0DD1E7BC96C008CB027 /* Debug */,
				1C7CF0DE1E7BC96C008CB027 /* Release */,
			);
			defaultConfigurationIsVisible = 0;
		};
/* End XCConfigurationList section */
	};
	rootObject = 1C7CF0C21E7BC96C008CB027 /* Project object */;
}
