// !$*UTF8*$!
{
	archiveVersion = 1;
	classes = {
	};
	objectVersion = 46;
	objects = {

/* Begin PBXBuildFile section */
		1C986E8A1E711F90000F2E26 /* AppDelegate.swift in Sources */ = {isa = PBXBuildFile; fileRef = 1C986E891E711F90000F2E26 /* AppDelegate.swift */; };
		1C986E8C1E711F90000F2E26 /* ViewController.swift in Sources */ = {isa = PBXBuildFile; fileRef = 1C986E8B1E711F90000F2E26 /* ViewController.swift */; };
		1C986E8F1E711F91000F2E26 /* Main.storyboard in Resources */ = {isa = PBXBuildFile; fileRef = 1C986E8D1E711F91000F2E26 /* Main.storyboard */; };
		1C986E911E711F91000F2E26 /* Assets.xcassets in Resources */ = {isa = PBXBuildFile; fileRef = 1C986E901E711F91000F2E26 /* Assets.xcassets */; };
		1C986E941E711F91000F2E26 /* LaunchScreen.storyboard in Resources */ = {isa = PBXBuildFile; fileRef = 1C986E921E711F91000F2E26 /* LaunchScreen.storyboard */; };
		1C986EA01E712424000F2E26 /* Gaspar Regular.otf in Resources */ = {isa = PBXBuildFile; fileRef = 1C986E9C1E712423000F2E26 /* Gaspar Regular.otf */; };
		1C986EA11E712424000F2E26 /* MFJinHei_Noncommercial-Regular.ttf in Resources */ = {isa = PBXBuildFile; fileRef = 1C986E9D1E712423000F2E26 /* MFJinHei_Noncommercial-Regular.ttf */; };
		1C986EA21E712424000F2E26 /* MFTongXin_Noncommercial-Regular.ttf in Resources */ = {isa = PBXBuildFile; fileRef = 1C986E9E1E712423000F2E26 /* MFTongXin_Noncommercial-Regular.ttf */; };
		1C986EA31E712424000F2E26 /* MFZhiHei_Noncommercial-Regular.ttf in Resources */ = {isa = PBXBuildFile; fileRef = 1C986E9F1E712424000F2E26 /* MFZhiHei_Noncommercial-Regular.ttf */; };
/* End PBXBuildFile section */

/* Begin PBXFileReference section */
		1C986E861E711F90000F2E26 /* CustomFont.app */ = {isa = PBXFileReference; explicitFileType = wrapper.application; includeInIndex = 0; path = CustomFont.app; sourceTree = BUILT_PRODUCTS_DIR; };
		1C986E891E711F90000F2E26 /* AppDelegate.swift */ = {isa = PBXFileReference; lastKnownFileType = sourcecode.swift; path = AppDelegate.swift; sourceTree = "<group>"; };
		1C986E8B1E711F90000F2E26 /* ViewController.swift */ = {isa = PBXFileReference; lastKnownFileType = sourcecode.swift; path = ViewController.swift; sourceTree = "<group>"; };
		1C986E8E1E711F91000F2E26 /* Base */ = {isa = PBXFileReference; lastKnownFileType = file.storyboard; name = Base; path = Base.lproj/Main.storyboard; sourceTree = "<group>"; };
		1C986E901E711F91000F2E26 /* Assets.xcassets */ = {isa = PBXFileReference; lastKnownFileType = folder.assetcatalog; path = Assets.xcassets; sourceTree = "<group>"; };
		1C986E931E711F91000F2E26 /* Base */ = {isa = PBXFileReference; lastKnownFileType = file.storyboard; name = Base; path = Base.lproj/LaunchScreen.storyboard; sourceTree = "<group>"; };
		1C986E951E711F91000F2E26 /* Info.plist */ = {isa = PBXFileReference; lastKnownFileType = text.plist.xml; path = Info.plist; sourceTree = "<group>"; };
		1C986E9C1E712423000F2E26 /* Gaspar Regular.otf */ = {isa = PBXFileReference; lastKnownFileType = file; path = "Gaspar Regular.otf"; sourceTree = "<group>"; };
		1C986E9D1E712423000F2E26 /* MFJinHei_Noncommercial-Regular.ttf */ = {isa = PBXFileReference; lastKnownFileType = file; path = "MFJinHei_Noncommercial-Regular.ttf"; sourceTree = "<group>"; };
		1C986E9E1E712423000F2E26 /* MFTongXin_Noncommercial-Regular.ttf */ = {isa = PBXFileReference; lastKnownFileType = file; path = "MFTongXin_Noncommercial-Regular.ttf"; sourceTree = "<group>"; };
		1C986E9F1E712424000F2E26 /* MFZhiHei_Noncommercial-Regular.ttf */ = {isa = PBXFileReference; lastKnownFileType = file; path = "MFZhiHei_Noncommercial-Regular.ttf"; sourceTree = "<group>"; };
/* End PBXFileReference section */

/* Begin PBXFrameworksBuildPhase section */
		1C986E831E711F90000F2E26 /* Frameworks */ = {
			isa = PBXFrameworksBuildPhase;
			buildActionMask = 2147483647;
			files = (
			);
			runOnlyForDeploymentPostprocessing = 0;
		};
/* End PBXFrameworksBuildPhase section */

/* Begin PBXGroup section */
		1C986E7D1E711F90000F2E26 = {
			isa = PBXGroup;
			children = (
				1C986E881E711F90000F2E26 /* CustomFont */,
				1C986E871E711F90000F2E26 /* Products */,
			);
			sourceTree = "<group>";
		};
		1C986E871E711F90000F2E26 /* Products */ = {
			isa = PBXGroup;
			children = (
				1C986E861E711F90000F2E26 /* CustomFont.app */,
			);
			name = Products;
			sourceTree = "<group>";
		};
		1C986E881E711F90000F2E26 /* CustomFont */ = {
			isa = PBXGroup;
			children = (
				1C986E891E711F90000F2E26 /* AppDelegate.swift */,
				1C986E8B1E711F90000F2E26 /* ViewController.swift */,
				1C986E9B1E712410000F2E26 /* Font */,
				1C986E8D1E711F91000F2E26 /* Main.storyboard */,
				1C986E901E711F91000F2E26 /* Assets.xcassets */,
				1C986E921E711F91000F2E26 /* LaunchScreen.storyboard */,
				1C986E951E711F91000F2E26 /* Info.plist */,
			);
			path = CustomFont;
			sourceTree = "<group>";
		};
		1C986E9B1E712410000F2E26 /* Font */ = {
			isa = PBXGroup;
			children = (
				1C986E9C1E712423000F2E26 /* Gaspar Regular.otf */,
				1C986E9D1E712423000F2E26 /* MFJinHei_Noncommercial-Regular.ttf */,
				1C986E9E1E712423000F2E26 /* MFTongXin_Noncommercial-Regular.ttf */,
				1C986E9F1E712424000F2E26 /* MFZhiHei_Noncommercial-Regular.ttf */,
			);
			name = Font;
			sourceTree = "<group>";
		};
/* End PBXGroup section */

/* Begin PBXNativeTarget section */
		1C986E851E711F90000F2E26 /* CustomFont */ = {
			isa = PBXNativeTarget;
			buildConfigurationList = 1C986E981E711F91000F2E26 /* Build configuration list for PBXNativeTarget "CustomFont" */;
			buildPhases = (
				1C986E821E711F90000F2E26 /* Sources */,
				1C986E831E711F90000F2E26 /* Frameworks */,
				1C986E841E711F90000F2E26 /* Resources */,
			);
			buildRules = (
			);
			dependencies = (
			);
			name = CustomFont;
			productName = CustomFont;
			productReference = 1C986E861E711F90000F2E26 /* CustomFont.app */;
			productType = "com.apple.product-type.application";
		};
/* End PBXNativeTarget section */

/* Begin PBXProject section */
		1C986E7E1E711F90000F2E26 /* Project object */ = {
			isa = PBXProject;
			attributes = {
				LastSwiftUpdateCheck = 0800;
				LastUpgradeCheck = 0800;
				ORGANIZATIONNAME = maki;
				TargetAttributes = {
					1C986E851E711F90000F2E26 = {
						CreatedOnToolsVersion = 8.0;
						ProvisioningStyle = Automatic;
					};
				};
			};
			buildConfigurationList = 1C986E811E711F90000F2E26 /* Build configuration list for PBXProject "CustomFont" */;
			compatibilityVersion = "Xcode 3.2";
			developmentRegion = English;
			hasScannedForEncodings = 0;
			knownRegions = (
				en,
				Base,
			);
			mainGroup = 1C986E7D1E711F90000F2E26;
			productRefGroup = 1C986E871E711F90000F2E26 /* Products */;
			projectDirPath = "";
			projectRoot = "";
			targets = (
				1C986E851E711F90000F2E26 /* CustomFont */,
			);
		};
/* End PBXProject section */

/* Begin PBXResourcesBuildPhase section */
		1C986E841E711F90000F2E26 /* Resources */ = {
			isa = PBXResourcesBuildPhase;
			buildActionMask = 2147483647;
			files = (
				1C986E941E711F91000F2E26 /* LaunchScreen.storyboard in Resources */,
				1C986EA01E712424000F2E26 /* Gaspar Regular.otf in Resources */,
				1C986EA31E712424000F2E26 /* MFZhiHei_Noncommercial-Regular.ttf in Resources */,
				1C986EA11E712424000F2E26 /* MFJinHei_Noncommercial-Regular.ttf in Resources */,
				1C986E911E711F91000F2E26 /* Assets.xcassets in Resources */,
				1C986EA21E712424000F2E26 /* MFTongXin_Noncommercial-Regular.ttf in Resources */,
				1C986E8F1E711F91000F2E26 /* Main.storyboard in Resources */,
			);
			runOnlyForDeploymentPostprocessing = 0;
		};
/* End PBXResourcesBuildPhase section */

/* Begin PBXSourcesBuildPhase section */
		1C986E821E711F90000F2E26 /* Sources */ = {
			isa = PBXSourcesBuildPhase;
			buildActionMask = 2147483647;
			files = (
				1C986E8C1E711F90000F2E26 /* ViewController.swift in Sources */,
				1C986E8A1E711F90000F2E26 /* AppDelegate.swift in Sources */,
			);
			runOnlyForDeploymentPostprocessing = 0;
		};
/* End PBXSourcesBuildPhase section */

/* Begin PBXVariantGroup section */
		1C986E8D1E711F91000F2E26 /* Main.storyboard */ = {
			isa = PBXVariantGroup;
			children = (
				1C986E8E1E711F91000F2E26 /* Base */,
			);
			name = Main.storyboard;
			sourceTree = "<group>";
		};
		1C986E921E711F91000F2E26 /* LaunchScreen.storyboard */ = {
			isa = PBXVariantGroup;
			children = (
				1C986E931E711F91000F2E26 /* Base */,
			);
			name = LaunchScreen.storyboard;
			sourceTree = "<group>";
		};
/* End PBXVariantGroup section */

/* Begin XCBuildConfiguration section */
		1C986E961E711F91000F2E26 /* Debug */ = {
			isa = XCBuildConfiguration;
			buildSettings = {
				ALWAYS_SEARCH_USER_PATHS = NO;
				CLANG_ANALYZER_NONNULL = YES;
				CLANG_CXX_LANGUAGE_STANDARD = "gnu++0x";
				CLANG_CXX_LIBRARY = "libc++";
				CLANG_ENABLE_MODULES = YES;
				CLANG_ENABLE_OBJC_ARC = YES;
				CLANG_WARN_BOOL_CONVERSION = YES;
				CLANG_WARN_CONSTANT_CONVERSION = YES;
				CLANG_WARN_DIRECT_OBJC_ISA_USAGE = YES_ERROR;
				CLANG_WARN_DOCUMENTATION_COMMENTS = YES;
				CLANG_WARN_EMPTY_BODY = YES;
				CLANG_WARN_ENUM_CONVERSION = YES;
				CLANG_WARN_INFINITE_RECURSION = YES;
				CLANG_WARN_INT_CONVERSION = YES;
				CLANG_WARN_OBJC_ROOT_CLASS = YES_ERROR;
				CLANG_WARN_SUSPICIOUS_MOVES = YES;
				CLANG_WARN_UNREACHABLE_CODE = YES;
				CLANG_WARN__DUPLICATE_METHOD_MATCH = YES;
				"CODE_SIGN_IDENTITY[sdk=iphoneos*]" = "iPhone Developer";
				COPY_PHASE_STRIP = NO;
				DEBUG_INFORMATION_FORMAT = dwarf;
				ENABLE_STRICT_OBJC_MSGSEND = YES;
				ENABLE_TESTABILITY = YES;
				GCC_C_LANGUAGE_STANDARD = gnu99;
				GCC_DYNAMIC_NO_PIC = NO;
				GCC_NO_COMMON_BLOCKS = YES;
				GCC_OPTIMIZATION_LEVEL = 0;
				GCC_PREPROCESSOR_DEFINITIONS = (
					"DEBUG=1",
					"$(inherited)",
				);
				GCC_WARN_64_TO_32_BIT_CONVERSION = YES;
				GCC_WARN_ABOUT_RETURN_TYPE = YES_ERROR;
				GCC_WARN_UNDECLARED_SELECTOR = YES;
				GCC_WARN_UNINITIALIZED_AUTOS = YES_AGGRESSIVE;
				GCC_WARN_UNUSED_FUNCTION = YES;
				GCC_WARN_UNUSED_VARIABLE = YES;
				IPHONEOS_DEPLOYMENT_TARGET = 10.0;
				MTL_ENABLE_DEBUG_INFO = YES;
				ONLY_ACTIVE_ARCH = YES;
				SDKROOT = iphoneos;
				SWIFT_ACTIVE_COMPILATION_CONDITIONS = DEBUG;
				SWIFT_OPTIMIZATION_LEVEL = "-Onone";
				TARGETED_DEVICE_FAMILY = "1,2";
			};
			name = Debug;
		};
		1C986E971E711F91000F2E26 /* Release */ = {
			isa = XCBuildConfiguration;
			buildSettings = {
				ALWAYS_SEARCH_USER_PATHS = NO;
				CLANG_ANALYZER_NONNULL = YES;
				CLANG_CXX_LANGUAGE_STANDARD = "gnu++0x";
				CLANG_CXX_LIBRARY = "libc++";
				CLANG_ENABLE_MODULES = YES;
				CLANG_ENABLE_OBJC_ARC = YES;
				CLANG_WARN_BOOL_CONVERSION = YES;
				CLANG_WARN_CONSTANT_CONVERSION = YES;
				CLANG_WARN_DIRECT_OBJC_ISA_USAGE = YES_ERROR;
				CLANG_WARN_DOCUMENTATION_COMMENTS = YES;
				CLANG_WARN_EMPTY_BODY = YES;
				CLANG_WARN_ENUM_CONVERSION = YES;
				CLANG_WARN_INFINITE_RECURSION = YES;
				CLANG_WARN_INT_CONVERSION = YES;
				CLANG_WARN_OBJC_ROOT_CLASS = YES_ERROR;
				CLANG_WARN_SUSPICIOUS_MOVES = YES;
				CLANG_WARN_UNREACHABLE_CODE = YES;
				CLANG_WARN__DUPLICATE_METHOD_MATCH = YES;
				"CODE_SIGN_IDENTITY[sdk=iphoneos*]" = "iPhone Developer";
				COPY_PHASE_STRIP = NO;
				DEBUG_INFORMATION_FORMAT = "dwarf-with-dsym";
				ENABLE_NS_ASSERTIONS = NO;
				ENABLE_STRICT_OBJC_MSGSEND = YES;
				GCC_C_LANGUAGE_STANDARD = gnu99;
				GCC_NO_COMMON_BLOCKS = YES;
				GCC_WARN_64_TO_32_BIT_CONVERSION = YES;
				GCC_WARN_ABOUT_RETURN_TYPE = YES_ERROR;
				GCC_WARN_UNDECLARED_SELECTOR = YES;
				GCC_WARN_UNINITIALIZED_AUTOS = YES_AGGRESSIVE;
				GCC_WARN_UNUSED_FUNCTION = YES;
				GCC_WARN_UNUSED_VARIABLE = YES;
				IPHONEOS_DEPLOYMENT_TARGET = 10.0;
				MTL_ENABLE_DEBUG_INFO = NO;
				SDKROOT = iphoneos;
				SWIFT_OPTIMIZATION_LEVEL = "-Owholemodule";
				TARGETED_DEVICE_FAMILY = "1,2";
				VALIDATE_PRODUCT = YES;
			};
			name = Release;
		};
		1C986E991E711F91000F2E26 /* Debug */ = {
			isa = XCBuildConfiguration;
			buildSettings = {
				ASSETCATALOG_COMPILER_APPICON_NAME = AppIcon;
				INFOPLIST_FILE = CustomFont/Info.plist;
				LD_RUNPATH_SEARCH_PATHS = "$(inherited) @executable_path/Frameworks";
				PRODUCT_BUNDLE_IDENTIFIER = com.maki.CustomFont;
				PRODUCT_NAME = "$(TARGET_NAME)";
				SWIFT_VERSION = 3.0;
			};
			name = Debug;
		};
		1C986E9A1E711F91000F2E26 /* Release */ = {
			isa = XCBuildConfiguration;
			buildSettings = {
				ASSETCATALOG_COMPILER_APPICON_NAME = AppIcon;
				INFOPLIST_FILE = CustomFont/Info.plist;
				LD_RUNPATH_SEARCH_PATHS = "$(inherited) @executable_path/Frameworks";
				PRODUCT_BUNDLE_IDENTIFIER = com.maki.CustomFont;
				PRODUCT_NAME = "$(TARGET_NAME)";
				SWIFT_VERSION = 3.0;
			};
			name = Release;
		};
/* End XCBuildConfiguration section */

/* Begin XCConfigurationList section */
		1C986E811E711F90000F2E26 /* Build configuration list for PBXProject "CustomFont" */ = {
			isa = XCConfigurationList;
			buildConfigurations = (
				1C986E961E711F91000F2E26 /* Debug */,
				1C986E971E711F91000F2E26 /* Release */,
			);
			defaultConfigurationIsVisible = 0;
			defaultConfigurationName = Release;
		};
		1C986E981E711F91000F2E26 /* Build configuration list for PBXNativeTarget "CustomFont" */ = {
			isa = XCConfigurationList;
			buildConfigurations = (
				1C986E991E711F91000F2E26 /* Debug */,
				1C986E9A1E711F91000F2E26 /* Release */,
			);
			defaultConfigurationIsVisible = 0;
		};
/* End XCConfigurationList section */
	};
	rootObject = 1C986E7E1E711F90000F2E26 /* Project object */;
}
